
Microsoft Visual Studio Solution File, Format Version 12.00
# Visual Studio Version 17
VisualStudioVersion = 17.0.32014.148
MinimumVisualStudioVersion = 10.0.40219.1
Project("{FAE04EC0-301F-11D3-BF4B-00C04F79EFBC}") = "Musixx", "Musixx\Musixx.csproj", "{A9363D19-D486-4690-9D46-EDA026C25BAB}"
EndProject
Project("{FAE04EC0-301F-11D3-BF4B-00C04F79EFBC}") = "Musixx.Shared", "Musixx.Shared\Musixx.Shared.csproj", "{CD490748-C23F-41BE-851D-DA6C27C3DE65}"
EndProject
Project("{FAE04EC0-301F-11D3-BF4B-00C04F79EFBC}") = "Musixx.BackgroundAudioTask", "Musixx.BackgroundAudioTask\Musixx.BackgroundAudioTask.csproj", "{B7F73825-BB5F-4F92-9E6D-A3BBC52DC6CD}"
EndProject
Project("{D954291E-2A0B-460D-934E-DC6B0785DB48}") = "TagLib.Shared", "TagLib.Shared\TagLib.Shared.shproj", "{3D52D490-5C15-4E67-A1EE-4337835103AC}"
EndProject
Project("{9A19103F-16F7-4668-BE54-9A1E7A4F7556}") = "TagLib.Portable", "TagLib.Portable\TagLib.Portable.csproj", "{D54AE65F-417B-4E54-9BD0-E550026E2D03}"
EndProject
Global
	GlobalSection(SharedMSBuildProjectFiles) = preSolution
		TagLib.Shared\TagLib.Shared.projitems*{3d52d490-5c15-4e67-a1ee-4337835103ac}*SharedItemsImports = 13
		TagLib.Shared\TagLib.Shared.projitems*{d54ae65f-417b-4e54-9bd0-e550026e2d03}*SharedItemsImports = 5
	EndGlobalSection
	GlobalSection(SolutionConfigurationPlatforms) = preSolution
		Debug|Any CPU = Debug|Any CPU
		Debug|ARM = Debug|ARM
		Debug|x64 = Debug|x64
		Debug|x86 = Debug|x86
		Release|Any CPU = Release|Any CPU
		Release|ARM = Release|ARM
		Release|x64 = Release|x64
		Release|x86 = Release|x86
	EndGlobalSection
	GlobalSection(ProjectConfigurationPlatforms) = postSolution
		{A9363D19-D486-4690-9D46-EDA026C25BAB}.Debug|Any CPU.ActiveCfg = Debug|x86
		{A9363D19-D486-4690-9D46-EDA026C25BAB}.Debug|Any CPU.Build.0 = Debug|x86
		{A9363D19-D486-4690-9D46-EDA026C25BAB}.Debug|Any CPU.Deploy.0 = Debug|x86
		{A9363D19-D486-4690-9D46-EDA026C25BAB}.Debug|ARM.ActiveCfg = Debug|ARM
		{A9363D19-D486-4690-9D46-EDA026C25BAB}.Debug|ARM.Build.0 = Debug|ARM
		{A9363D19-D486-4690-9D46-EDA026C25BAB}.Debug|ARM.Deploy.0 = Debug|ARM
		{A9363D19-D486-4690-9D46-EDA026C25BAB}.Debug|x64.ActiveCfg = Debug|x64
		{A9363D19-D486-4690-9D46-EDA026C25BAB}.Debug|x64.Build.0 = Debug|x64
		{A9363D19-D486-4690-9D46-EDA026C25BAB}.Debug|x64.Deploy.0 = Debug|x64
		{A9363D19-D486-4690-9D46-EDA026C25BAB}.Debug|x86.ActiveCfg = Debug|x86
		{A9363D19-D486-4690-9D46-EDA026C25BAB}.Debug|x86.Build.0 = Debug|x86
		{A9363D19-D486-4690-9D46-EDA026C25BAB}.Debug|x86.Deploy.0 = Debug|x86
		{A9363D19-D486-4690-9D46-EDA026C25BAB}.Release|Any CPU.ActiveCfg = Release|x86
		{A9363D19-D486-4690-9D46-EDA026C25BAB}.Release|ARM.ActiveCfg = Release|ARM
		{A9363D19-D486-4690-9D46-EDA026C25BAB}.Release|ARM.Build.0 = Release|ARM
		{A9363D19-D486-4690-9D46-EDA026C25BAB}.Release|ARM.Deploy.0 = Release|ARM
		{A9363D19-D486-4690-9D46-EDA026C25BAB}.Release|x64.ActiveCfg = Release|x64
		{A9363D19-D486-4690-9D46-EDA026C25BAB}.Release|x64.Build.0 = Release|x64
		{A9363D19-D486-4690-9D46-EDA026C25BAB}.Release|x64.Deploy.0 = Release|x64
		{A9363D19-D486-4690-9D46-EDA026C25BAB}.Release|x86.ActiveCfg = Release|x86
		{A9363D19-D486-4690-9D46-EDA026C25BAB}.Release|x86.Build.0 = Release|x86
		{A9363D19-D486-4690-9D46-EDA026C25BAB}.Release|x86.Deploy.0 = Release|x86
		{CD490748-C23F-41BE-851D-DA6C27C3DE65}.Debug|Any CPU.ActiveCfg = Debug|Any CPU
		{CD490748-C23F-41BE-851D-DA6C27C3DE65}.Debug|Any CPU.Build.0 = Debug|Any CPU
		{CD490748-C23F-41BE-851D-DA6C27C3DE65}.Debug|ARM.ActiveCfg = Debug|ARM
		{CD490748-C23F-41BE-851D-DA6C27C3DE65}.Debug|ARM.Build.0 = Debug|ARM
		{CD490748-C23F-41BE-851D-DA6C27C3DE65}.Debug|x64.ActiveCfg = Debug|x64
		{CD490748-C23F-41BE-851D-DA6C27C3DE65}.Debug|x64.Build.0 = Debug|x64
		{CD490748-C23F-41BE-851D-DA6C27C3DE65}.Debug|x86.ActiveCfg = Debug|x86
		{CD490748-C23F-41BE-851D-DA6C27C3DE65}.Debug|x86.Build.0 = Debug|x86
		{CD490748-C23F-41BE-851D-DA6C27C3DE65}.Release|Any CPU.ActiveCfg = Release|Any CPU
		{CD490748-C23F-41BE-851D-DA6C27C3DE65}.Release|Any CPU.Build.0 = Release|Any CPU
		{CD490748-C23F-41BE-851D-DA6C27C3DE65}.Release|ARM.ActiveCfg = Release|ARM
		{CD490748-C23F-41BE-851D-DA6C27C3DE65}.Release|ARM.Build.0 = Release|ARM
		{CD490748-C23F-41BE-851D-DA6C27C3DE65}.Release|x64.ActiveCfg = Release|x64
		{CD490748-C23F-41BE-851D-DA6C27C3DE65}.Release|x64.Build.0 = Release|x64
		{CD490748-C23F-41BE-851D-DA6C27C3DE65}.Release|x86.ActiveCfg = Release|x86
		{CD490748-C23F-41BE-851D-DA6C27C3DE65}.Release|x86.Build.0 = Release|x86
		{B7F73825-BB5F-4F92-9E6D-A3BBC52DC6CD}.Debug|Any CPU.ActiveCfg = Debug|Any CPU
		{B7F73825-BB5F-4F92-9E6D-A3BBC52DC6CD}.Debug|Any CPU.Build.0 = Debug|Any CPU
		{B7F73825-BB5F-4F92-9E6D-A3BBC52DC6CD}.Debug|ARM.ActiveCfg = Debug|ARM
		{B7F73825-BB5F-4F92-9E6D-A3BBC52DC6CD}.Debug|ARM.Build.0 = Debug|ARM
		{B7F73825-BB5F-4F92-9E6D-A3BBC52DC6CD}.Debug|x64.ActiveCfg = Debug|x64
		{B7F73825-BB5F-4F92-9E6D-A3BBC52DC6CD}.Debug|x64.Build.0 = Debug|x64
		{B7F73825-BB5F-4F92-9E6D-A3BBC52DC6CD}.Debug|x86.ActiveCfg = Debug|x86
		{B7F73825-BB5F-4F92-9E6D-A3BBC52DC6CD}.Debug|x86.Build.0 = Debug|x86
		{B7F73825-BB5F-4F92-9E6D-A3BBC52DC6CD}.Release|Any CPU.ActiveCfg = Release|Any CPU
		{B7F73825-BB5F-4F92-9E6D-A3BBC52DC6CD}.Release|Any CPU.Build.0 = Release|Any CPU
		{B7F73825-BB5F-4F92-9E6D-A3BBC52DC6CD}.Release|ARM.ActiveCfg = Release|ARM
		{B7F73825-BB5F-4F92-9E6D-A3BBC52DC6CD}.Release|ARM.Build.0 = Release|ARM
		{B7F73825-BB5F-4F92-9E6D-A3BBC52DC6CD}.Release|x64.ActiveCfg = Release|x64
		{B7F73825-BB5F-4F92-9E6D-A3BBC52DC6CD}.Release|x64.Build.0 = Release|x64
		{B7F73825-BB5F-4F92-9E6D-A3BBC52DC6CD}.Release|x86.ActiveCfg = Release|x86
		{B7F73825-BB5F-4F92-9E6D-A3BBC52DC6CD}.Release|x86.Build.0 = Release|x86
		{D54AE65F-417B-4E54-9BD0-E550026E2D03}.Debug|Any CPU.ActiveCfg = Debug|Any CPU
		{D54AE65F-417B-4E54-9BD0-E550026E2D03}.Debug|Any CPU.Build.0 = Debug|Any CPU
		{D54AE65F-417B-4E54-9BD0-E550026E2D03}.Debug|ARM.ActiveCfg = Debug|Any CPU
		{D54AE65F-417B-4E54-9BD0-E550026E2D03}.Debug|ARM.Build.0 = Debug|Any CPU
		{D54AE65F-417B-4E54-9BD0-E550026E2D03}.Debug|x64.ActiveCfg = Debug|Any CPU
		{D54AE65F-417B-4E54-9BD0-E550026E2D03}.Debug|x64.Build.0 = Debug|Any CPU
		{D54AE65F-417B-4E54-9BD0-E550026E2D03}.Debug|x86.ActiveCfg = Debug|Any CPU
		{D54AE65F-417B-4E54-9BD0-E550026E2D03}.Debug|x86.Build.0 = Debug|Any CPU
		{D54AE65F-417B-4E54-9BD0-E550026E2D03}.Release|Any CPU.ActiveCfg = Release|Any CPU
		{D54AE65F-417B-4E54-9BD0-E550026E2D03}.Release|Any CPU.Build.0 = Release|Any CPU
		{D54AE65F-417B-4E54-9BD0-E550026E2D03}.Release|ARM.ActiveCfg = Release|Any CPU
		{D54AE65F-417B-4E54-9BD0-E550026E2D03}.Release|ARM.Build.0 = Release|Any CPU
		{D54AE65F-417B-4E54-9BD0-E550026E2D03}.Release|x64.ActiveCfg = Release|Any CPU
		{D54AE65F-417B-4E54-9BD0-E550026E2D03}.Release|x64.Build.0 = Release|Any CPU
		{D54AE65F-417B-4E54-9BD0-E550026E2D03}.Release|x86.ActiveCfg = Release|Any CPU
		{D54AE65F-417B-4E54-9BD0-E550026E2D03}.Release|x86.Build.0 = Release|Any CPU
	EndGlobalSection
	GlobalSection(SolutionProperties) = preSolution
		HideSolutionNode = FALSE
	EndGlobalSection
	GlobalSection(ExtensibilityGlobals) = postSolution
		SolutionGuid = {CB2619C4-48F2-4B41-833B-5A9B76DD2DE4}
	EndGlobalSection
EndGlobal
